
Microsoft Visual Studio Solution File, Format Version 12.00
# Visual Studio 15
VisualStudioVersion = 15.0.28307.489
MinimumVisualStudioVersion = 10.0.40219.1
Project("{2150E333-8FDC-42A3-9474-1A3956D46DE8}") = "3 - Domain", "3 - Domain", "{BF26D471-D3C9-48EF-AC15-230B007DE353}"
EndProject
Project("{FAE04EC0-301F-11D3-BF4B-00C04F79EFBC}") = "Gol.Domain", "src\Gol.Domain\Gol.Domain.csproj", "{0C4228DE-978F-466D-9F0C-C31AEBEA598B}"
EndProject
Project("{2150E333-8FDC-42A3-9474-1A3956D46DE8}") = "1 - Presentation", "1 - Presentation", "{0DD468EA-CFC3-464B-9A2D-95C64C562F22}"
EndProject
Project("{FAE04EC0-301F-11D3-BF4B-00C04F79EFBC}") = "Gol.WebApi", "src\Gol.WebApi\Gol.WebApi.csproj", "{A2F54FA3-63A4-4C83-80BF-5356F1D2536C}"
EndProject
Project("{FAE04EC0-301F-11D3-BF4B-00C04F79EFBC}") = "Gol.Domain.Shared", "src\Gol.Domain.Shared\Gol.Domain.Shared.csproj", "{D798F053-19A9-4428-BBF6-EA26F24DEB74}"
EndProject
Project("{2150E333-8FDC-42A3-9474-1A3956D46DE8}") = "4 - Infra", "4 - Infra", "{FA8DD1B6-B88E-43E5-B4DB-498770B8D57A}"
EndProject
Project("{2150E333-8FDC-42A3-9474-1A3956D46DE8}") = "2 - Service", "2 - Service", "{CCF3A4ED-6E77-40AA-B346-F60269B8B6B4}"
EndProject
Project("{FAE04EC0-301F-11D3-BF4B-00C04F79EFBC}") = "Gol.Service", "src\Gol.Service\Gol.Service.csproj", "{E207AB4E-CD3C-40A0-B136-8E829F7B8906}"
EndProject
Project("{2150E333-8FDC-42A3-9474-1A3956D46DE8}") = "4.1 - Data", "4.1 - Data", "{C0531723-7E1B-46D7-93A8-8BD810E3BA48}"
EndProject
Project("{FAE04EC0-301F-11D3-BF4B-00C04F79EFBC}") = "Gol.Infra.Data", "src\Gol.Infra.Data\Gol.Infra.Data.csproj", "{BE7C0B04-2B3F-44EC-9862-03046220C9EF}"
EndProject
Project("{2150E333-8FDC-42A3-9474-1A3956D46DE8}") = "4.2 - Crosscutting", "4.2 - Crosscutting", "{7060D89A-9E4B-416D-9E25-C853B50DC91A}"
EndProject
Project("{FAE04EC0-301F-11D3-BF4B-00C04F79EFBC}") = "Gol.Infra.Crosscutting", "src\Gol.Infra.Crosscutting\Gol.Infra.Crosscutting.csproj", "{6D0034EE-E6AF-4EA1-9601-B3B5D60132C0}"
EndProject
Global
	GlobalSection(SolutionConfigurationPlatforms) = preSolution
		Debug|Any CPU = Debug|Any CPU
		Release|Any CPU = Release|Any CPU
	EndGlobalSection
	GlobalSection(ProjectConfigurationPlatforms) = postSolution
		{0C4228DE-978F-466D-9F0C-C31AEBEA598B}.Debug|Any CPU.ActiveCfg = Debug|Any CPU
		{0C4228DE-978F-466D-9F0C-C31AEBEA598B}.Debug|Any CPU.Build.0 = Debug|Any CPU
		{0C4228DE-978F-466D-9F0C-C31AEBEA598B}.Release|Any CPU.ActiveCfg = Release|Any CPU
		{0C4228DE-978F-466D-9F0C-C31AEBEA598B}.Release|Any CPU.Build.0 = Release|Any CPU
		{A2F54FA3-63A4-4C83-80BF-5356F1D2536C}.Debug|Any CPU.ActiveCfg = Debug|Any CPU
		{A2F54FA3-63A4-4C83-80BF-5356F1D2536C}.Debug|Any CPU.Build.0 = Debug|Any CPU
		{A2F54FA3-63A4-4C83-80BF-5356F1D2536C}.Release|Any CPU.ActiveCfg = Release|Any CPU
		{A2F54FA3-63A4-4C83-80BF-5356F1D2536C}.Release|Any CPU.Build.0 = Release|Any CPU
		{D798F053-19A9-4428-BBF6-EA26F24DEB74}.Debug|Any CPU.ActiveCfg = Debug|Any CPU
		{D798F053-19A9-4428-BBF6-EA26F24DEB74}.Debug|Any CPU.Build.0 = Debug|Any CPU
		{D798F053-19A9-4428-BBF6-EA26F24DEB74}.Release|Any CPU.ActiveCfg = Release|Any CPU
		{D798F053-19A9-4428-BBF6-EA26F24DEB74}.Release|Any CPU.Build.0 = Release|Any CPU
		{E207AB4E-CD3C-40A0-B136-8E829F7B8906}.Debug|Any CPU.ActiveCfg = Debug|Any CPU
		{E207AB4E-CD3C-40A0-B136-8E829F7B8906}.Debug|Any CPU.Build.0 = Debug|Any CPU
		{E207AB4E-CD3C-40A0-B136-8E829F7B8906}.Release|Any CPU.ActiveCfg = Release|Any CPU
		{E207AB4E-CD3C-40A0-B136-8E829F7B8906}.Release|Any CPU.Build.0 = Release|Any CPU
		{BE7C0B04-2B3F-44EC-9862-03046220C9EF}.Debug|Any CPU.ActiveCfg = Debug|Any CPU
		{BE7C0B04-2B3F-44EC-9862-03046220C9EF}.Debug|Any CPU.Build.0 = Debug|Any CPU
		{BE7C0B04-2B3F-44EC-9862-03046220C9EF}.Release|Any CPU.ActiveCfg = Release|Any CPU
		{BE7C0B04-2B3F-44EC-9862-03046220C9EF}.Release|Any CPU.Build.0 = Release|Any CPU
		{6D0034EE-E6AF-4EA1-9601-B3B5D60132C0}.Debug|Any CPU.ActiveCfg = Debug|Any CPU
		{6D0034EE-E6AF-4EA1-9601-B3B5D60132C0}.Debug|Any CPU.Build.0 = Debug|Any CPU
		{6D0034EE-E6AF-4EA1-9601-B3B5D60132C0}.Release|Any CPU.ActiveCfg = Release|Any CPU
		{6D0034EE-E6AF-4EA1-9601-B3B5D60132C0}.Release|Any CPU.Build.0 = Release|Any CPU
	EndGlobalSection
	GlobalSection(SolutionProperties) = preSolution
		HideSolutionNode = FALSE
	EndGlobalSection
	GlobalSection(NestedProjects) = preSolution
		{0C4228DE-978F-466D-9F0C-C31AEBEA598B} = {BF26D471-D3C9-48EF-AC15-230B007DE353}
		{A2F54FA3-63A4-4C83-80BF-5356F1D2536C} = {0DD468EA-CFC3-464B-9A2D-95C64C562F22}
		{D798F053-19A9-4428-BBF6-EA26F24DEB74} = {BF26D471-D3C9-48EF-AC15-230B007DE353}
		{E207AB4E-CD3C-40A0-B136-8E829F7B8906} = {CCF3A4ED-6E77-40AA-B346-F60269B8B6B4}
		{C0531723-7E1B-46D7-93A8-8BD810E3BA48} = {FA8DD1B6-B88E-43E5-B4DB-498770B8D57A}
		{BE7C0B04-2B3F-44EC-9862-03046220C9EF} = {C0531723-7E1B-46D7-93A8-8BD810E3BA48}
		{7060D89A-9E4B-416D-9E25-C853B50DC91A} = {FA8DD1B6-B88E-43E5-B4DB-498770B8D57A}
		{6D0034EE-E6AF-4EA1-9601-B3B5D60132C0} = {7060D89A-9E4B-416D-9E25-C853B50DC91A}
	EndGlobalSection
	GlobalSection(ExtensibilityGlobals) = postSolution
		SolutionGuid = {9FFB2BAB-C936-4F66-918E-35A61E853B29}
	EndGlobalSection
EndGlobal
